
Microsoft Visual Studio Solution File, Format Version 12.00
# Visual Studio Version 16
VisualStudioVersion = 16.0.28803.156
MinimumVisualStudioVersion = 10.0.40219.1
Project("{F184B08F-C81C-45F6-A57F-5ABD9991F28F}") = "Holamundo", "Holamundo\Holamundo.vbproj", "{BF011381-B320-4FA4-B1B1-AF05C8CAE698}"
EndProject
Global
	GlobalSection(SolutionConfigurationPlatforms) = preSolution
		Debug|Any CPU = Debug|Any CPU
		Release|Any CPU = Release|Any CPU
	EndGlobalSection
	GlobalSection(ProjectConfigurationPlatforms) = postSolution
		{BF011381-B320-4FA4-B1B1-AF05C8CAE698}.Debug|Any CPU.ActiveCfg = Debug|Any CPU
		{BF011381-B320-4FA4-B1B1-AF05C8CAE698}.Debug|Any CPU.Build.0 = Debug|Any CPU
		{BF011381-B320-4FA4-B1B1-AF05C8CAE698}.Release|Any CPU.ActiveCfg = Release|Any CPU
		{BF011381-B320-4FA4-B1B1-AF05C8CAE698}.Release|Any CPU.Build.0 = Release|Any CPU
	EndGlobalSection
	GlobalSection(SolutionProperties) = preSolution
		HideSolutionNode = FALSE
	EndGlobalSection
	GlobalSection(ExtensibilityGlobals) = postSolution
		SolutionGuid = {E8CBC53C-9B06-4F39-B4BD-8E5C02D22B8E}
	EndGlobalSection
EndGlobal
